
Microsoft Visual Studio Solution File, Format Version 12.00
# Visual Studio Version 16
VisualStudioVersion = 16.0.29806.167
MinimumVisualStudioVersion = 10.0.40219.1
Project("{FAE04EC0-301F-11D3-BF4B-00C04F79EFBC}") = "_List", "_list\_List.csproj", "{68B69A2F-E58E-48EA-9E7A-DB23F4F60197}"
EndProject
Project("{FAE04EC0-301F-11D3-BF4B-00C04F79EFBC}") = "_Indexers", "_indexers\_Indexers.csproj", "{21286B4E-CCF4-4C8B-A87D-66DF6D0CD26A}"
EndProject
Project("{FAE04EC0-301F-11D3-BF4B-00C04F79EFBC}") = "_ListGeneric", "_ListGeneric\_ListGeneric.csproj", "{7B31D3E3-7E8E-4375-B9B1-6A561B2618E2}"
EndProject
Project("{FAE04EC0-301F-11D3-BF4B-00C04F79EFBC}") = "_ArrayList", "_ArrayList\_ArrayList.csproj", "{F207E45D-A843-4F37-8890-98E106CFEC30}"
EndProject
Project("{FAE04EC0-301F-11D3-BF4B-00C04F79EFBC}") = "ExampleGeneric", "ExampleGeneric\ExampleGeneric.csproj", "{F50BBA2A-D6EF-419D-82CB-334B1B785263}"
EndProject
Global
	GlobalSection(SolutionConfigurationPlatforms) = preSolution
		Debug|Any CPU = Debug|Any CPU
		Release|Any CPU = Release|Any CPU
	EndGlobalSection
	GlobalSection(ProjectConfigurationPlatforms) = postSolution
		{68B69A2F-E58E-48EA-9E7A-DB23F4F60197}.Debug|Any CPU.ActiveCfg = Debug|Any CPU
		{68B69A2F-E58E-48EA-9E7A-DB23F4F60197}.Debug|Any CPU.Build.0 = Debug|Any CPU
		{68B69A2F-E58E-48EA-9E7A-DB23F4F60197}.Release|Any CPU.ActiveCfg = Release|Any CPU
		{68B69A2F-E58E-48EA-9E7A-DB23F4F60197}.Release|Any CPU.Build.0 = Release|Any CPU
		{21286B4E-CCF4-4C8B-A87D-66DF6D0CD26A}.Debug|Any CPU.ActiveCfg = Debug|Any CPU
		{21286B4E-CCF4-4C8B-A87D-66DF6D0CD26A}.Debug|Any CPU.Build.0 = Debug|Any CPU
		{21286B4E-CCF4-4C8B-A87D-66DF6D0CD26A}.Release|Any CPU.ActiveCfg = Release|Any CPU
		{21286B4E-CCF4-4C8B-A87D-66DF6D0CD26A}.Release|Any CPU.Build.0 = Release|Any CPU
		{7B31D3E3-7E8E-4375-B9B1-6A561B2618E2}.Debug|Any CPU.ActiveCfg = Debug|Any CPU
		{7B31D3E3-7E8E-4375-B9B1-6A561B2618E2}.Debug|Any CPU.Build.0 = Debug|Any CPU
		{7B31D3E3-7E8E-4375-B9B1-6A561B2618E2}.Release|Any CPU.ActiveCfg = Release|Any CPU
		{7B31D3E3-7E8E-4375-B9B1-6A561B2618E2}.Release|Any CPU.Build.0 = Release|Any CPU
		{F207E45D-A843-4F37-8890-98E106CFEC30}.Debug|Any CPU.ActiveCfg = Debug|Any CPU
		{F207E45D-A843-4F37-8890-98E106CFEC30}.Debug|Any CPU.Build.0 = Debug|Any CPU
		{F207E45D-A843-4F37-8890-98E106CFEC30}.Release|Any CPU.ActiveCfg = Release|Any CPU
		{F207E45D-A843-4F37-8890-98E106CFEC30}.Release|Any CPU.Build.0 = Release|Any CPU
		{F50BBA2A-D6EF-419D-82CB-334B1B785263}.Debug|Any CPU.ActiveCfg = Debug|Any CPU
		{F50BBA2A-D6EF-419D-82CB-334B1B785263}.Debug|Any CPU.Build.0 = Debug|Any CPU
		{F50BBA2A-D6EF-419D-82CB-334B1B785263}.Release|Any CPU.ActiveCfg = Release|Any CPU
		{F50BBA2A-D6EF-419D-82CB-334B1B785263}.Release|Any CPU.Build.0 = Release|Any CPU
	EndGlobalSection
	GlobalSection(SolutionProperties) = preSolution
		HideSolutionNode = FALSE
	EndGlobalSection
	GlobalSection(ExtensibilityGlobals) = postSolution
		SolutionGuid = {6B2F7F1B-FEB5-4514-B859-BF2A3FD38E5D}
	EndGlobalSection
EndGlobal
